Microsoft Visual Studio Solution File, Format Version 11.00
# Visual Studio 2008

Project("{3430D983-7B6D-415C-87B0-32FB430E2729}") = "Testing Unity", "Assembly-CSharp-firstpass.csproj", "{1135DB59-3786-0CED-BF56-8C9667D5ACC4}"
EndProject
Project("{3430D983-7B6D-415C-87B0-32FB430E2729}") = "Testing Unity", "Assembly-CSharp.csproj", "{B393A90D-60E5-C084-1974-B339E7B7FDD2}"
EndProject
Project("{3430D983-7B6D-415C-87B0-32FB430E2729}") = "Testing Unity", "Assembly-CSharp-Editor.csproj", "{20608E9C-9661-BC0A-6F2C-DE83D9E17091}"
EndProject
Global
	GlobalSection(SolutionConfigurationPlatforms) = preSolution
		Debug|Any CPU = Debug|Any CPU
		Release|Any CPU = Release|Any CPU
	EndGlobalSection
	GlobalSection(ProjectConfigurationPlatforms) = postSolution
		{1135DB59-3786-0CED-BF56-8C9667D5ACC4}.Debug|Any CPU.ActiveCfg = Debug|Any CPU
		{1135DB59-3786-0CED-BF56-8C9667D5ACC4}.Debug|Any CPU.Build.0 = Debug|Any CPU
		{1135DB59-3786-0CED-BF56-8C9667D5ACC4}.Release|Any CPU.ActiveCfg = Release|Any CPU
		{1135DB59-3786-0CED-BF56-8C9667D5ACC4}.Release|Any CPU.Build.0 = Release|Any CPU
		{B393A90D-60E5-C084-1974-B339E7B7FDD2}.Debug|Any CPU.ActiveCfg = Debug|Any CPU
		{B393A90D-60E5-C084-1974-B339E7B7FDD2}.Debug|Any CPU.Build.0 = Debug|Any CPU
		{B393A90D-60E5-C084-1974-B339E7B7FDD2}.Release|Any CPU.ActiveCfg = Release|Any CPU
		{B393A90D-60E5-C084-1974-B339E7B7FDD2}.Release|Any CPU.Build.0 = Release|Any CPU
		{20608E9C-9661-BC0A-6F2C-DE83D9E17091}.Debug|Any CPU.ActiveCfg = Debug|Any CPU
		{20608E9C-9661-BC0A-6F2C-DE83D9E17091}.Debug|Any CPU.Build.0 = Debug|Any CPU
		{20608E9C-9661-BC0A-6F2C-DE83D9E17091}.Release|Any CPU.ActiveCfg = Release|Any CPU
		{20608E9C-9661-BC0A-6F2C-DE83D9E17091}.Release|Any CPU.Build.0 = Release|Any CPU
	EndGlobalSection
	GlobalSection(SolutionProperties) = preSolution
		HideSolutionNode = FALSE
	EndGlobalSection
	GlobalSection(MonoDevelopProperties) = preSolution
		StartupItem = Assembly-CSharp.csproj
	EndGlobalSection
EndGlobal
